
Microsoft Visual Studio Solution File, Format Version 12.00
# Visual Studio Version 17
VisualStudioVersion = 17.5.002.0
MinimumVisualStudioVersion = 10.0.40219.1
Project("{9A19103F-16F7-4668-BE54-9A1E7A4F7556}") = "Exemplo01", "Exemplo01.csproj", "{C69C3099-7EAF-4D71-ADC5-F275B658E562}"
EndProject
Global
	GlobalSection(SolutionConfigurationPlatforms) = preSolution
		Debug|Any CPU = Debug|Any CPU
		Release|Any CPU = Release|Any CPU
	EndGlobalSection
	GlobalSection(ProjectConfigurationPlatforms) = postSolution
		{C69C3099-7EAF-4D71-ADC5-F275B658E562}.Debug|Any CPU.ActiveCfg = Debug|Any CPU
		{C69C3099-7EAF-4D71-ADC5-F275B658E562}.Debug|Any CPU.Build.0 = Debug|Any CPU
		{C69C3099-7EAF-4D71-ADC5-F275B658E562}.Release|Any CPU.ActiveCfg = Release|Any CPU
		{C69C3099-7EAF-4D71-ADC5-F275B658E562}.Release|Any CPU.Build.0 = Release|Any CPU
	EndGlobalSection
	GlobalSection(SolutionProperties) = preSolution
		HideSolutionNode = FALSE
	EndGlobalSection
	GlobalSection(ExtensibilityGlobals) = postSolution
		SolutionGuid = {F70D1F6A-7C4E-4E91-9436-04343A4C3C14}
	EndGlobalSection
EndGlobal
